// !$*UTF8*$!
{
	archiveVersion = 1;
	classes = {
	};
	objectVersion = 55;
	objects = {

/* Begin PBXBuildFile section */
		8C4549BE27A4509D00D00997 /* APIApp.swift in Sources */ = {isa = PBXBuildFile; fileRef = 8C4549AE27A4509700D00997 /* APIApp.swift */; };
		8C4549BF27A4509D00D00997 /* APIApp.swift in Sources */ = {isa = PBXBuildFile; fileRef = 8C4549AE27A4509700D00997 /* APIApp.swift */; };
		8C4549C027A4509D00D00997 /* ContentView.swift in Sources */ = {isa = PBXBuildFile; fileRef = 8C4549AF27A4509700D00997 /* ContentView.swift */; };
		8C4549C127A4509D00D00997 /* ContentView.swift in Sources */ = {isa = PBXBuildFile; fileRef = 8C4549AF27A4509700D00997 /* ContentView.swift */; };
		8C4549C227A4509D00D00997 /* Assets.xcassets in Resources */ = {isa = PBXBuildFile; fileRef = 8C4549B027A4509D00D00997 /* Assets.xcassets */; };
		8C4549C327A4509D00D00997 /* Assets.xcassets in Resources */ = {isa = PBXBuildFile; fileRef = 8C4549B027A4509D00D00997 /* Assets.xcassets */; };
		8C4549CD27A4520900D00997 /* MovieView.swift in Sources */ = {isa = PBXBuildFile; fileRef = 8C4549CC27A4520900D00997 /* MovieView.swift */; };
		8C4549CE27A4520900D00997 /* MovieView.swift in Sources */ = {isa = PBXBuildFile; fileRef = 8C4549CC27A4520900D00997 /* MovieView.swift */; };
		8C4549D327A4551F00D00997 /* Movie.swift in Sources */ = {isa = PBXBuildFile; fileRef = 8C4549D227A4551F00D00997 /* Movie.swift */; };
		8C4549D427A4551F00D00997 /* Movie.swift in Sources */ = {isa = PBXBuildFile; fileRef = 8C4549D227A4551F00D00997 /* Movie.swift */; };
		8C4549D627A4554C00D00997 /* MovieDetailView.swift in Sources */ = {isa = PBXBuildFile; fileRef = 8C4549D527A4554C00D00997 /* MovieDetailView.swift */; };
		8C4549D727A4554C00D00997 /* MovieDetailView.swift in Sources */ = {isa = PBXBuildFile; fileRef = 8C4549D527A4554C00D00997 /* MovieDetailView.swift */; };
		8C4549D927A4557500D00997 /* MovieRow.swift in Sources */ = {isa = PBXBuildFile; fileRef = 8C4549D827A4557500D00997 /* MovieRow.swift */; };
		8C4549DA27A4557500D00997 /* MovieRow.swift in Sources */ = {isa = PBXBuildFile; fileRef = 8C4549D827A4557500D00997 /* MovieRow.swift */; };
		8C4549DC27A4561600D00997 /* NetworkImage.swift in Sources */ = {isa = PBXBuildFile; fileRef = 8C4549DB27A4561600D00997 /* NetworkImage.swift */; };
		8C4549DD27A4561600D00997 /* NetworkImage.swift in Sources */ = {isa = PBXBuildFile; fileRef = 8C4549DB27A4561600D00997 /* NetworkImage.swift */; };
		8C4549DF27A457A400D00997 /* PopularView.swift in Sources */ = {isa = PBXBuildFile; fileRef = 8C4549DE27A457A400D00997 /* PopularView.swift */; };
		8C4549E027A457A400D00997 /* PopularView.swift in Sources */ = {isa = PBXBuildFile; fileRef = 8C4549DE27A457A400D00997 /* PopularView.swift */; };
		8C4549E227A457B700D00997 /* NowPlayingView.swift in Sources */ = {isa = PBXBuildFile; fileRef = 8C4549E127A457B700D00997 /* NowPlayingView.swift */; };
		8C4549E327A457B700D00997 /* NowPlayingView.swift in Sources */ = {isa = PBXBuildFile; fileRef = 8C4549E127A457B700D00997 /* NowPlayingView.swift */; };
		8C4549E527A457C900D00997 /* UpComingView.swift in Sources */ = {isa = PBXBuildFile; fileRef = 8C4549E427A457C900D00997 /* UpComingView.swift */; };
		8C4549E627A457C900D00997 /* UpComingView.swift in Sources */ = {isa = PBXBuildFile; fileRef = 8C4549E427A457C900D00997 /* UpComingView.swift */; };
		8C4549E827A457D900D00997 /* TopRatedView.swift in Sources */ = {isa = PBXBuildFile; fileRef = 8C4549E727A457D900D00997 /* TopRatedView.swift */; };
		8C4549E927A457D900D00997 /* TopRatedView.swift in Sources */ = {isa = PBXBuildFile; fileRef = 8C4549E727A457D900D00997 /* TopRatedView.swift */; };
/* End PBXBuildFile section */

/* Begin PBXFileReference section */
		8C4549AE27A4509700D00997 /* APIApp.swift */ = {isa = PBXFileReference; lastKnownFileType = sourcecode.swift; path = APIApp.swift; sourceTree = "<group>"; };
		8C4549AF27A4509700D00997 /* ContentView.swift */ = {isa = PBXFileReference; lastKnownFileType = sourcecode.swift; path = ContentView.swift; sourceTree = "<group>"; };
		8C4549B027A4509D00D00997 /* Assets.xcassets */ = {isa = PBXFileReference; lastKnownFileType = folder.assetcatalog; path = Assets.xcassets; sourceTree = "<group>"; };
		8C4549B527A4509D00D00997 /* API.app */ = {isa = PBXFileReference; explicitFileType = wrapper.application; includeInIndex = 0; path = API.app; sourceTree = BUILT_PRODUCTS_DIR; };
		8C4549BB27A4509D00D00997 /* API.app */ = {isa = PBXFileReference; explicitFileType = wrapper.application; includeInIndex = 0; path = API.app; sourceTree = BUILT_PRODUCTS_DIR; };
		8C4549BD27A4509D00D00997 /* macOS.entitlements */ = {isa = PBXFileReference; lastKnownFileType = text.plist.entitlements; path = macOS.entitlements; sourceTree = "<group>"; };
		8C4549CC27A4520900D00997 /* MovieView.swift */ = {isa = PBXFileReference; lastKnownFileType = sourcecode.swift; path = MovieView.swift; sourceTree = "<group>"; };
		8C4549D227A4551F00D00997 /* Movie.swift */ = {isa = PBXFileReference; lastKnownFileType = sourcecode.swift; path = Movie.swift; sourceTree = "<group>"; };
		8C4549D527A4554C00D00997 /* MovieDetailView.swift */ = {isa = PBXFileReference; lastKnownFileType = sourcecode.swift; path = MovieDetailView.swift; sourceTree = "<group>"; };
		8C4549D827A4557500D00997 /* MovieRow.swift */ = {isa = PBXFileReference; lastKnownFileType = sourcecode.swift; path = MovieRow.swift; sourceTree = "<group>"; };
		8C4549DB27A4561600D00997 /* NetworkImage.swift */ = {isa = PBXFileReference; lastKnownFileType = sourcecode.swift; path = NetworkImage.swift; sourceTree = "<group>"; };
		8C4549DE27A457A400D00997 /* PopularView.swift */ = {isa = PBXFileReference; lastKnownFileType = sourcecode.swift; path = PopularView.swift; sourceTree = "<group>"; };
		8C4549E127A457B700D00997 /* NowPlayingView.swift */ = {isa = PBXFileReference; lastKnownFileType = sourcecode.swift; path = NowPlayingView.swift; sourceTree = "<group>"; };
		8C4549E427A457C900D00997 /* UpComingView.swift */ = {isa = PBXFileReference; lastKnownFileType = sourcecode.swift; path = UpComingView.swift; sourceTree = "<group>"; };
		8C4549E727A457D900D00997 /* TopRatedView.swift */ = {isa = PBXFileReference; lastKnownFileType = sourcecode.swift; path = TopRatedView.swift; sourceTree = "<group>"; };
/* End PBXFileReference section */

/* Begin PBXFrameworksBuildPhase section */
		8C4549B227A4509D00D00997 /* Frameworks */ = {
			isa = PBXFrameworksBuildPhase;
			buildActionMask = 2147483647;
			files = (
			);
			runOnlyForDeploymentPostprocessing = 0;
		};
		8C4549B827A4509D00D00997 /* Frameworks */ = {
			isa = PBXFrameworksBuildPhase;
			buildActionMask = 2147483647;
			files = (
			);
			runOnlyForDeploymentPostprocessing = 0;
		};
/* End PBXFrameworksBuildPhase section */

/* Begin PBXGroup section */
		8C4549A827A4509600D00997 = {
			isa = PBXGroup;
			children = (
				8C4549AD27A4509700D00997 /* Shared */,
				8C4549BC27A4509D00D00997 /* macOS */,
				8C4549B627A4509D00D00997 /* Products */,
			);
			sourceTree = "<group>";
		};
		8C4549AD27A4509700D00997 /* Shared */ = {
			isa = PBXGroup;
			children = (
				8C4549AE27A4509700D00997 /* APIApp.swift */,
				8C4549AF27A4509700D00997 /* ContentView.swift */,
				8C4549DE27A457A400D00997 /* PopularView.swift */,
				8C4549E127A457B700D00997 /* NowPlayingView.swift */,
				8C4549E427A457C900D00997 /* UpComingView.swift */,
				8C4549E727A457D900D00997 /* TopRatedView.swift */,
				8C4549CC27A4520900D00997 /* MovieView.swift */,
				8C4549D827A4557500D00997 /* MovieRow.swift */,
				8C4549D527A4554C00D00997 /* MovieDetailView.swift */,
				8C4549DB27A4561600D00997 /* NetworkImage.swift */,
				8C4549D227A4551F00D00997 /* Movie.swift */,
				8C4549B027A4509D00D00997 /* Assets.xcassets */,
			);
			path = Shared;
			sourceTree = "<group>";
		};
		8C4549B627A4509D00D00997 /* Products */ = {
			isa = PBXGroup;
			children = (
				8C4549B527A4509D00D00997 /* API.app */,
				8C4549BB27A4509D00D00997 /* API.app */,
			);
			name = Products;
			sourceTree = "<group>";
		};
		8C4549BC27A4509D00D00997 /* macOS */ = {
			isa = PBXGroup;
			children = (
				8C4549BD27A4509D00D00997 /* macOS.entitlements */,
			);
			path = macOS;
			sourceTree = "<group>";
		};
/* End PBXGroup section */

/* Begin PBXNativeTarget section */
		8C4549B427A4509D00D00997 /* API (iOS) */ = {
			isa = PBXNativeTarget;
			buildConfigurationList = 8C4549C627A4509D00D00997 /* Build configuration list for PBXNativeTarget "API (iOS)" */;
			buildPhases = (
				8C4549B127A4509D00D00997 /* Sources */,
				8C4549B227A4509D00D00997 /* Frameworks */,
				8C4549B327A4509D00D00997 /* Resources */,
			);
			buildRules = (
			);
			dependencies = (
			);
			name = "API (iOS)";
			productName = "API (iOS)";
			productReference = 8C4549B527A4509D00D00997 /* API.app */;
			productType = "com.apple.product-type.application";
		};
		8C4549BA27A4509D00D00997 /* API (macOS) */ = {
			isa = PBXNativeTarget;
			buildConfigurationList = 8C4549C927A4509D00D00997 /* Build configuration list for PBXNativeTarget "API (macOS)" */;
			buildPhases = (
				8C4549B727A4509D00D00997 /* Sources */,
				8C4549B827A4509D00D00997 /* Frameworks */,
				8C4549B927A4509D00D00997 /* Resources */,
			);
			buildRules = (
			);
			dependencies = (
			);
			name = "API (macOS)";
			productName = "API (macOS)";
			productReference = 8C4549BB27A4509D00D00997 /* API.app */;
			productType = "com.apple.product-type.application";
		};
/* End PBXNativeTarget section */

/* Begin PBXProject section */
		8C4549A927A4509600D00997 /* Project object */ = {
			isa = PBXProject;
			attributes = {
				BuildIndependentTargetsInParallel = 1;
				LastSwiftUpdateCheck = 1320;
				LastUpgradeCheck = 1320;
				TargetAttributes = {
					8C4549B427A4509D00D00997 = {
						CreatedOnToolsVersion = 13.2.1;
					};
					8C4549BA27A4509D00D00997 = {
						CreatedOnToolsVersion = 13.2.1;
					};
				};
			};
			buildConfigurationList = 8C4549AC27A4509600D00997 /* Build configuration list for PBXProject "API" */;
			compatibilityVersion = "Xcode 13.0";
			developmentRegion = en;
			hasScannedForEncodings = 0;
			knownRegions = (
				en,
				Base,
			);
			mainGroup = 8C4549A827A4509600D00997;
			productRefGroup = 8C4549B627A4509D00D00997 /* Products */;
			projectDirPath = "";
			projectRoot = "";
			targets = (
				8C4549B427A4509D00D00997 /* API (iOS) */,
				8C4549BA27A4509D00D00997 /* API (macOS) */,
			);
		};
/* End PBXProject section */

/* Begin PBXResourcesBuildPhase section */
		8C4549B327A4509D00D00997 /* Resources */ = {
			isa = PBXResourcesBuildPhase;
			buildActionMask = 2147483647;
			files = (
				8C4549C227A4509D00D00997 /* Assets.xcassets in Resources */,
			);
			runOnlyForDeploymentPostprocessing = 0;
		};
		8C4549B927A4509D00D00997 /* Resources */ = {
			isa = PBXResourcesBuildPhase;
			buildActionMask = 2147483647;
			files = (
				8C4549C327A4509D00D00997 /* Assets.xcassets in Resources */,
			);
			runOnlyForDeploymentPostprocessing = 0;
		};
/* End PBXResourcesBuildPhase section */

/* Begin PBXSourcesBuildPhase section */
		8C4549B127A4509D00D00997 /* Sources */ = {
			isa = PBXSourcesBuildPhase;
			buildActionMask = 2147483647;
			files = (
				8C4549D627A4554C00D00997 /* MovieDetailView.swift in Sources */,
				8C4549DF27A457A400D00997 /* PopularView.swift in Sources */,
				8C4549DC27A4561600D00997 /* NetworkImage.swift in Sources */,
				8C4549E227A457B700D00997 /* NowPlayingView.swift in Sources */,
				8C4549C027A4509D00D00997 /* ContentView.swift in Sources */,
				8C4549CD27A4520900D00997 /* MovieView.swift in Sources */,
				8C4549D927A4557500D00997 /* MovieRow.swift in Sources */,
				8C4549BE27A4509D00D00997 /* APIApp.swift in Sources */,
				8C4549D327A4551F00D00997 /* Movie.swift in Sources */,
				8C4549E527A457C900D00997 /* UpComingView.swift in Sources */,
				8C4549E827A457D900D00997 /* TopRatedView.swift in Sources */,
			);
			runOnlyForDeploymentPostprocessing = 0;
		};
		8C4549B727A4509D00D00997 /* Sources */ = {
			isa = PBXSourcesBuildPhase;
			buildActionMask = 2147483647;
			files = (
				8C4549D727A4554C00D00997 /* MovieDetailView.swift in Sources */,
				8C4549E027A457A400D00997 /* PopularView.swift in Sources */,
				8C4549DD27A4561600D00997 /* NetworkImage.swift in Sources */,
				8C4549E327A457B700D00997 /* NowPlayingView.swift in Sources */,
				8C4549C127A4509D00D00997 /* ContentView.swift in Sources */,
				8C4549CE27A4520900D00997 /* MovieView.swift in Sources */,
				8C4549DA27A4557500D00997 /* MovieRow.swift in Sources */,
				8C4549BF27A4509D00D00997 /* APIApp.swift in Sources */,
				8C4549D427A4551F00D00997 /* Movie.swift in Sources */,
				8C4549E627A457C900D00997 /* UpComingView.swift in Sources */,
				8C4549E927A457D900D00997 /* TopRatedView.swift in Sources */,
			);
			runOnlyForDeploymentPostprocessing = 0;
		};
/* End PBXSourcesBuildPhase section */

/* Begin XCBuildConfiguration section */
		8C4549C427A4509D00D00997 /* Debug */ = {
			isa = XCBuildConfiguration;
			buildSettings = {
				ALWAYS_SEARCH_USER_PATHS = NO;
				CLANG_ANALYZER_NONNULL = YES;
				CLANG_ANALYZER_NUMBER_OBJECT_CONVERSION = YES_AGGRESSIVE;
				CLANG_CXX_LANGUAGE_STANDARD = "gnu++17";
				CLANG_CXX_LIBRARY = "libc++";
				CLANG_ENABLE_MODULES = YES;
				CLANG_ENABLE_OBJC_ARC = YES;
				CLANG_ENABLE_OBJC_WEAK = YES;
				CLANG_WARN_BLOCK_CAPTURE_AUTORELEASING = YES;
				CLANG_WARN_BOOL_CONVERSION = YES;
				CLANG_WARN_COMMA = YES;
				CLANG_WARN_CONSTANT_CONVERSION = YES;
				CLANG_WARN_DEPRECATED_OBJC_IMPLEMENTATIONS = YES;
				CLANG_WARN_DIRECT_OBJC_ISA_USAGE = YES_ERROR;
				CLANG_WARN_DOCUMENTATION_COMMENTS = YES;
				CLANG_WARN_EMPTY_BODY = YES;
				CLANG_WARN_ENUM_CONVERSION = YES;
				CLANG_WARN_INFINITE_RECURSION = YES;
				CLANG_WARN_INT_CONVERSION = YES;
				CLANG_WARN_NON_LITERAL_NULL_CONVERSION = YES;
				CLANG_WARN_OBJC_IMPLICIT_RETAIN_SELF = YES;
				CLANG_WARN_OBJC_LITERAL_CONVERSION = YES;
				CLANG_WARN_OBJC_ROOT_CLASS = YES_ERROR;
				CLANG_WARN_QUOTED_INCLUDE_IN_FRAMEWORK_HEADER = YES;
				CLANG_WARN_RANGE_LOOP_ANALYSIS = YES;
				CLANG_WARN_STRICT_PROTOTYPES = YES;
				CLANG_WARN_SUSPICIOUS_MOVE = YES;
				CLANG_WARN_UNGUARDED_AVAILABILITY = YES_AGGRESSIVE;
				CLANG_WARN_UNREACHABLE_CODE = YES;
				CLANG_WARN__DUPLICATE_METHOD_MATCH = YES;
				COPY_PHASE_STRIP = NO;
				DEBUG_INFORMATION_FORMAT = dwarf;
				ENABLE_STRICT_OBJC_MSGSEND = YES;
				ENABLE_TESTABILITY = YES;
				GCC_C_LANGUAGE_STANDARD = gnu11;
				GCC_DYNAMIC_NO_PIC = NO;
				GCC_NO_COMMON_BLOCKS = YES;
				GCC_OPTIMIZATION_LEVEL = 0;
				GCC_PREPROCESSOR_DEFINITIONS = (
					"DEBUG=1",
					"$(inherited)",
				);
				GCC_WARN_64_TO_32_BIT_CONVERSION = YES;
				GCC_WARN_ABOUT_RETURN_TYPE = YES_ERROR;
				GCC_WARN_UNDECLARED_SELECTOR = YES;
				GCC_WARN_UNINITIALIZED_AUTOS = YES_AGGRESSIVE;
				GCC_WARN_UNUSED_FUNCTION = YES;
				GCC_WARN_UNUSED_VARIABLE = YES;
				MTL_ENABLE_DEBUG_INFO = INCLUDE_SOURCE;
				MTL_FAST_MATH = YES;
				ONLY_ACTIVE_ARCH = YES;
				SWIFT_ACTIVE_COMPILATION_CONDITIONS = DEBUG;
				SWIFT_OPTIMIZATION_LEVEL = "-Onone";
			};
			name = Debug;
		};
		8C4549C527A4509D00D00997 /* Release */ = {
			isa = XCBuildConfiguration;
			buildSettings = {
				ALWAYS_SEARCH_USER_PATHS = NO;
				CLANG_ANALYZER_NONNULL = YES;
				CLANG_ANALYZER_NUMBER_OBJECT_CONVERSION = YES_AGGRESSIVE;
				CLANG_CXX_LANGUAGE_STANDARD = "gnu++17";
				CLANG_CXX_LIBRARY = "libc++";
				CLANG_ENABLE_MODULES = YES;
				CLANG_ENABLE_OBJC_ARC = YES;
				CLANG_ENABLE_OBJC_WEAK = YES;
				CLANG_WARN_BLOCK_CAPTURE_AUTORELEASING = YES;
				CLANG_WARN_BOOL_CONVERSION = YES;
				CLANG_WARN_COMMA = YES;
				CLANG_WARN_CONSTANT_CONVERSION = YES;
				CLANG_WARN_DEPRECATED_OBJC_IMPLEMENTATIONS = YES;
				CLANG_WARN_DIRECT_OBJC_ISA_USAGE = YES_ERROR;
				CLANG_WARN_DOCUMENTATION_COMMENTS = YES;
				CLANG_WARN_EMPTY_BODY = YES;
				CLANG_WARN_ENUM_CONVERSION = YES;
				CLANG_WARN_INFINITE_RECURSION = YES;
				CLANG_WARN_INT_CONVERSION = YES;
				CLANG_WARN_NON_LITERAL_NULL_CONVERSION = YES;
				CLANG_WARN_OBJC_IMPLICIT_RETAIN_SELF = YES;
				CLANG_WARN_OBJC_LITERAL_CONVERSION = YES;
				CLANG_WARN_OBJC_ROOT_CLASS = YES_ERROR;
				CLANG_WARN_QUOTED_INCLUDE_IN_FRAMEWORK_HEADER = YES;
				CLANG_WARN_RANGE_LOOP_ANALYSIS = YES;
				CLANG_WARN_STRICT_PROTOTYPES = YES;
				CLANG_WARN_SUSPICIOUS_MOVE = YES;
				CLANG_WARN_UNGUARDED_AVAILABILITY = YES_AGGRESSIVE;
				CLANG_WARN_UNREACHABLE_CODE = YES;
				CLANG_WARN__DUPLICATE_METHOD_MATCH = YES;
				COPY_PHASE_STRIP = NO;
				DEBUG_INFORMATION_FORMAT = "dwarf-with-dsym";
				ENABLE_NS_ASSERTIONS = NO;
				ENABLE_STRICT_OBJC_MSGSEND = YES;
				GCC_C_LANGUAGE_STANDARD = gnu11;
				GCC_NO_COMMON_BLOCKS = YES;
				GCC_WARN_64_TO_32_BIT_CONVERSION = YES;
				GCC_WARN_ABOUT_RETURN_TYPE = YES_ERROR;
				GCC_WARN_UNDECLARED_SELECTOR = YES;
				GCC_WARN_UNINITIALIZED_AUTOS = YES_AGGRESSIVE;
				GCC_WARN_UNUSED_FUNCTION = YES;
				GCC_WARN_UNUSED_VARIABLE = YES;
				MTL_ENABLE_DEBUG_INFO = NO;
				MTL_FAST_MATH = YES;
				SWIFT_COMPILATION_MODE = wholemodule;
				SWIFT_OPTIMIZATION_LEVEL = "-O";
			};
			name = Release;
		};
		8C4549C727A4509D00D00997 /* Debug */ = {
			isa = XCBuildConfiguration;
			buildSettings = {
				ASSETCATALOG_COMPILER_APPICON_NAME = AppIcon;
				ASSETCATALOG_COMPILER_GLOBAL_ACCENT_COLOR_NAME = AccentColor;
				CODE_SIGN_STYLE = Automatic;
				CURRENT_PROJECT_VERSION = 1;
				ENABLE_PREVIEWS = YES;
				GENERATE_INFOPLIST_FILE = YES;
				INFOPLIST_KEY_UIApplicationSceneManifest_Generation = YES;
				INFOPLIST_KEY_UIApplicationSupportsIndirectInputEvents = YES;
				INFOPLIST_KEY_UILaunchScreen_Generation = YES;
				INFOPLIST_KEY_UISupportedInterfaceOrientations_iPad = "UIInterfaceOrientationPortrait UIInterfaceOrientationPortraitUpsideDown UIInterfaceOrientationLandscapeLeft UIInterfaceOrientationLandscapeRight";
				INFOPLIST_KEY_UISupportedInterfaceOrientations_iPhone = "UIInterfaceOrientationPortrait UIInterfaceOrientationLandscapeLeft UIInterfaceOrientationLandscapeRight";
				IPHONEOS_DEPLOYMENT_TARGET = 15.2;
				LD_RUNPATH_SEARCH_PATHS = (
					"$(inherited)",
					"@executable_path/Frameworks",
				);
				MARKETING_VERSION = 1.0;
				PRODUCT_BUNDLE_IDENTIFIER = com.berry.API;
				PRODUCT_NAME = API;
				SDKROOT = iphoneos;
				SWIFT_EMIT_LOC_STRINGS = YES;
				SWIFT_VERSION = 5.0;
				TARGETED_DEVICE_FAMILY = "1,2";
			};
			name = Debug;
		};
		8C4549C827A4509D00D00997 /* Release */ = {
			isa = XCBuildConfiguration;
			buildSettings = {
				ASSETCATALOG_COMPILER_APPICON_NAME = AppIcon;
				ASSETCATALOG_COMPILER_GLOBAL_ACCENT_COLOR_NAME = AccentColor;
				CODE_SIGN_STYLE = Automatic;
				CURRENT_PROJECT_VERSION = 1;
				ENABLE_PREVIEWS = YES;
				GENERATE_INFOPLIST_FILE = YES;
				INFOPLIST_KEY_UIApplicationSceneManifest_Generation = YES;
				INFOPLIST_KEY_UIApplicationSupportsIndirectInputEvents = YES;
				INFOPLIST_KEY_UILaunchScreen_Generation = YES;
				INFOPLIST_KEY_UISupportedInterfaceOrientations_iPad = "UIInterfaceOrientationPortrait UIInterfaceOrientationPortraitUpsideDown UIInterfaceOrientationLandscapeLeft UIInterfaceOrientationLandscapeRight";
				INFOPLIST_KEY_UISupportedInterfaceOrientations_iPhone = "UIInterfaceOrientationPortrait UIInterfaceOrientationLandscapeLeft UIInterfaceOrientationLandscapeRight";
				IPHONEOS_DEPLOYMENT_TARGET = 15.2;
				LD_RUNPATH_SEARCH_PATHS = (
					"$(inherited)",
					"@executable_path/Frameworks",
				);
				MARKETING_VERSION = 1.0;
				PRODUCT_BUNDLE_IDENTIFIER = com.berry.API;
				PRODUCT_NAME = API;
				SDKROOT = iphoneos;
				SWIFT_EMIT_LOC_STRINGS = YES;
				SWIFT_VERSION = 5.0;
				TARGETED_DEVICE_FAMILY = "1,2";
				VALIDATE_PRODUCT = YES;
			};
			name = Release;
		};
		8C4549CA27A4509D00D00997 /* Debug */ = {
			isa = XCBuildConfiguration;
			buildSettings = {
				ASSETCATALOG_COMPILER_APPICON_NAME = AppIcon;
				ASSETCATALOG_COMPILER_GLOBAL_ACCENT_COLOR_NAME = AccentColor;
				CODE_SIGN_ENTITLEMENTS = macOS/macOS.entitlements;
				CODE_SIGN_STYLE = Automatic;
				COMBINE_HIDPI_IMAGES = YES;
				CURRENT_PROJECT_VERSION = 1;
				ENABLE_PREVIEWS = YES;
				GENERATE_INFOPLIST_FILE = YES;
				INFOPLIST_KEY_NSHumanReadableCopyright = "";
				LD_RUNPATH_SEARCH_PATHS = (
					"$(inherited)",
					"@executable_path/../Frameworks",
				);
				MACOSX_DEPLOYMENT_TARGET = 11.6;
				MARKETING_VERSION = 1.0;
				PRODUCT_BUNDLE_IDENTIFIER = com.berry.API;
				PRODUCT_NAME = API;
				SDKROOT = macosx;
				SWIFT_EMIT_LOC_STRINGS = YES;
				SWIFT_VERSION = 5.0;
			};
			name = Debug;
		};
		8C4549CB27A4509D00D00997 /* Release */ = {
			isa = XCBuildConfiguration;
			buildSettings = {
				ASSETCATALOG_COMPILER_APPICON_NAME = AppIcon;
				ASSETCATALOG_COMPILER_GLOBAL_ACCENT_COLOR_NAME = AccentColor;
				CODE_SIGN_ENTITLEMENTS = macOS/macOS.entitlements;
				CODE_SIGN_STYLE = Automatic;
				COMBINE_HIDPI_IMAGES = YES;
				CURRENT_PROJECT_VERSION = 1;
				ENABLE_PREVIEWS = YES;
				GENERATE_INFOPLIST_FILE = YES;
				INFOPLIST_KEY_NSHumanReadableCopyright = "";
				LD_RUNPATH_SEARCH_PATHS = (
					"$(inherited)",
					"@executable_path/../Frameworks",
				);
				MACOSX_DEPLOYMENT_TARGET = 11.6;
				MARKETING_VERSION = 1.0;
				PRODUCT_BUNDLE_IDENTIFIER = com.berry.API;
				PRODUCT_NAME = API;
				SDKROOT = macosx;
				SWIFT_EMIT_LOC_STRINGS = YES;
				SWIFT_VERSION = 5.0;
			};
			name = Release;
		};
/* End XCBuildConfiguration section */

/* Begin XCConfigurationList section */
		8C4549AC27A4509600D00997 /* Build configuration list for PBXProject "API" */ = {
			isa = XCConfigurationList;
			buildConfigurations = (
				8C4549C427A4509D00D00997 /* Debug */,
				8C4549C527A4509D00D00997 /* Release */,
			);
			defaultConfigurationIsVisible = 0;
			defaultConfigurationName = Release;
		};
		8C4549C627A4509D00D00997 /* Build configuration list for PBXNativeTarget "API (iOS)" */ = {
			isa = XCConfigurationList;
			buildConfigurations = (
				8C4549C727A4509D00D00997 /* Debug */,
				8C4549C827A4509D00D00997 /* Release */,
			);
			defaultConfigurationIsVisible = 0;
			defaultConfigurationName = Release;
		};
		8C4549C927A4509D00D00997 /* Build configuration list for PBXNativeTarget "API (macOS)" */ = {
			isa = XCConfigurationList;
			buildConfigurations = (
				8C4549CA27A4509D00D00997 /* Debug */,
				8C4549CB27A4509D00D00997 /* Release */,
			);
			defaultConfigurationIsVisible = 0;
			defaultConfigurationName = Release;
		};
/* End XCConfigurationList section */
	};
	rootObject = 8C4549A927A4509600D00997 /* Project object */;
}
